
Microsoft Visual Studio Solution File, Format Version 12.00
# Visual Studio Version 17
VisualStudioVersion = 17.9.34714.143
MinimumVisualStudioVersion = 10.0.40219.1
Project("{FAE04EC0-301F-11D3-BF4B-00C04F79EFBC}") = "L7", "L7.csproj", "{C9E977AC-7D8A-43BF-A337-A435B688A6D0}"
EndProject
Global
	GlobalSection(SolutionConfigurationPlatforms) = preSolution
		Debug|Any CPU = Debug|Any CPU
		Release|Any CPU = Release|Any CPU
	EndGlobalSection
	GlobalSection(ProjectConfigurationPlatforms) = postSolution
		{C9E977AC-7D8A-43BF-A337-A435B688A6D0}.Debug|Any CPU.ActiveCfg = Debug|Any CPU
		{C9E977AC-7D8A-43BF-A337-A435B688A6D0}.Debug|Any CPU.Build.0 = Debug|Any CPU
		{C9E977AC-7D8A-43BF-A337-A435B688A6D0}.Release|Any CPU.ActiveCfg = Release|Any CPU
		{C9E977AC-7D8A-43BF-A337-A435B688A6D0}.Release|Any CPU.Build.0 = Release|Any CPU
	EndGlobalSection
	GlobalSection(SolutionProperties) = preSolution
		HideSolutionNode = FALSE
	EndGlobalSection
	GlobalSection(ExtensibilityGlobals) = postSolution
		SolutionGuid = {66DE82E6-1B1D-4677-90FF-E881D5C45CA6}
	EndGlobalSection
EndGlobal
