
Microsoft Visual Studio Solution File, Format Version 12.00
# Visual Studio Version 17
VisualStudioVersion = 17.9.34714.143
MinimumVisualStudioVersion = 10.0.40219.1
Project("{FAE04EC0-301F-11D3-BF4B-00C04F79EFBC}") = "L5", "L5.csproj", "{FFF1E8DE-24B0-4852-8040-B48AC81EA579}"
EndProject
Global
	GlobalSection(SolutionConfigurationPlatforms) = preSolution
		Debug|Any CPU = Debug|Any CPU
		Release|Any CPU = Release|Any CPU
	EndGlobalSection
	GlobalSection(ProjectConfigurationPlatforms) = postSolution
		{FFF1E8DE-24B0-4852-8040-B48AC81EA579}.Debug|Any CPU.ActiveCfg = Debug|Any CPU
		{FFF1E8DE-24B0-4852-8040-B48AC81EA579}.Debug|Any CPU.Build.0 = Debug|Any CPU
		{FFF1E8DE-24B0-4852-8040-B48AC81EA579}.Release|Any CPU.ActiveCfg = Release|Any CPU
		{FFF1E8DE-24B0-4852-8040-B48AC81EA579}.Release|Any CPU.Build.0 = Release|Any CPU
	EndGlobalSection
	GlobalSection(SolutionProperties) = preSolution
		HideSolutionNode = FALSE
	EndGlobalSection
	GlobalSection(ExtensibilityGlobals) = postSolution
		SolutionGuid = {82869CB5-9619-49BA-A5ED-077877ACDFA4}
	EndGlobalSection
EndGlobal
