
Microsoft Visual Studio Solution File, Format Version 12.00
# Visual Studio Version 17
VisualStudioVersion = 17.9.34714.143
MinimumVisualStudioVersion = 10.0.40219.1
Project("{FAE04EC0-301F-11D3-BF4B-00C04F79EFBC}") = "L8", "L8.csproj", "{FD6124DF-5E6D-4C97-A8FE-750B7EBD13D6}"
EndProject
Global
	GlobalSection(SolutionConfigurationPlatforms) = preSolution
		Debug|Any CPU = Debug|Any CPU
		Release|Any CPU = Release|Any CPU
	EndGlobalSection
	GlobalSection(ProjectConfigurationPlatforms) = postSolution
		{FD6124DF-5E6D-4C97-A8FE-750B7EBD13D6}.Debug|Any CPU.ActiveCfg = Debug|Any CPU
		{FD6124DF-5E6D-4C97-A8FE-750B7EBD13D6}.Debug|Any CPU.Build.0 = Debug|Any CPU
		{FD6124DF-5E6D-4C97-A8FE-750B7EBD13D6}.Release|Any CPU.ActiveCfg = Release|Any CPU
		{FD6124DF-5E6D-4C97-A8FE-750B7EBD13D6}.Release|Any CPU.Build.0 = Release|Any CPU
	EndGlobalSection
	GlobalSection(SolutionProperties) = preSolution
		HideSolutionNode = FALSE
	EndGlobalSection
	GlobalSection(ExtensibilityGlobals) = postSolution
		SolutionGuid = {6132F46A-8292-4434-81B6-2AF9CBB2CD5D}
	EndGlobalSection
EndGlobal
