
Microsoft Visual Studio Solution File, Format Version 12.00
# Visual Studio Version 17
VisualStudioVersion = 17.9.34714.143
MinimumVisualStudioVersion = 10.0.40219.1
Project("{FAE04EC0-301F-11D3-BF4B-00C04F79EFBC}") = "L24", "L24.csproj", "{63874B37-DA13-47CB-ADE4-E26A764B7D5D}"
EndProject
Global
	GlobalSection(SolutionConfigurationPlatforms) = preSolution
		Debug|Any CPU = Debug|Any CPU
		Release|Any CPU = Release|Any CPU
	EndGlobalSection
	GlobalSection(ProjectConfigurationPlatforms) = postSolution
		{63874B37-DA13-47CB-ADE4-E26A764B7D5D}.Debug|Any CPU.ActiveCfg = Debug|Any CPU
		{63874B37-DA13-47CB-ADE4-E26A764B7D5D}.Debug|Any CPU.Build.0 = Debug|Any CPU
		{63874B37-DA13-47CB-ADE4-E26A764B7D5D}.Release|Any CPU.ActiveCfg = Release|Any CPU
		{63874B37-DA13-47CB-ADE4-E26A764B7D5D}.Release|Any CPU.Build.0 = Release|Any CPU
	EndGlobalSection
	GlobalSection(SolutionProperties) = preSolution
		HideSolutionNode = FALSE
	EndGlobalSection
	GlobalSection(ExtensibilityGlobals) = postSolution
		SolutionGuid = {502A364C-86D3-42A7-AEF6-9805EFD801BB}
	EndGlobalSection
EndGlobal
