
Microsoft Visual Studio Solution File, Format Version 12.00
# Visual Studio Version 17
VisualStudioVersion = 17.9.34714.143
MinimumVisualStudioVersion = 10.0.40219.1
Project("{FAE04EC0-301F-11D3-BF4B-00C04F79EFBC}") = "L17", "L17.csproj", "{F0DF8A22-9573-4CE6-A3D9-A57E77EB2A70}"
EndProject
Global
	GlobalSection(SolutionConfigurationPlatforms) = preSolution
		Debug|Any CPU = Debug|Any CPU
		Release|Any CPU = Release|Any CPU
	EndGlobalSection
	GlobalSection(ProjectConfigurationPlatforms) = postSolution
		{F0DF8A22-9573-4CE6-A3D9-A57E77EB2A70}.Debug|Any CPU.ActiveCfg = Debug|Any CPU
		{F0DF8A22-9573-4CE6-A3D9-A57E77EB2A70}.Debug|Any CPU.Build.0 = Debug|Any CPU
		{F0DF8A22-9573-4CE6-A3D9-A57E77EB2A70}.Release|Any CPU.ActiveCfg = Release|Any CPU
		{F0DF8A22-9573-4CE6-A3D9-A57E77EB2A70}.Release|Any CPU.Build.0 = Release|Any CPU
	EndGlobalSection
	GlobalSection(SolutionProperties) = preSolution
		HideSolutionNode = FALSE
	EndGlobalSection
	GlobalSection(ExtensibilityGlobals) = postSolution
		SolutionGuid = {CF7D3A9D-E8CF-414E-9FEB-D5A042EFDFF6}
	EndGlobalSection
EndGlobal
