
Microsoft Visual Studio Solution File, Format Version 12.00
# Visual Studio Version 17
VisualStudioVersion = 17.9.34714.143
MinimumVisualStudioVersion = 10.0.40219.1
Project("{FAE04EC0-301F-11D3-BF4B-00C04F79EFBC}") = "L19", "L19.csproj", "{966C0FF7-FFE2-481D-9590-8E98DC896B3A}"
EndProject
Global
	GlobalSection(SolutionConfigurationPlatforms) = preSolution
		Debug|Any CPU = Debug|Any CPU
		Release|Any CPU = Release|Any CPU
	EndGlobalSection
	GlobalSection(ProjectConfigurationPlatforms) = postSolution
		{966C0FF7-FFE2-481D-9590-8E98DC896B3A}.Debug|Any CPU.ActiveCfg = Debug|Any CPU
		{966C0FF7-FFE2-481D-9590-8E98DC896B3A}.Debug|Any CPU.Build.0 = Debug|Any CPU
		{966C0FF7-FFE2-481D-9590-8E98DC896B3A}.Release|Any CPU.ActiveCfg = Release|Any CPU
		{966C0FF7-FFE2-481D-9590-8E98DC896B3A}.Release|Any CPU.Build.0 = Release|Any CPU
	EndGlobalSection
	GlobalSection(SolutionProperties) = preSolution
		HideSolutionNode = FALSE
	EndGlobalSection
	GlobalSection(ExtensibilityGlobals) = postSolution
		SolutionGuid = {BD5014CE-C710-40BE-BD04-8158891EAB77}
	EndGlobalSection
EndGlobal
